{
  "name": "kelompok_4_backend_uts",
  "version": "1.0.0",
  "lockfileVersion": 3,
  "requires": true,
  "packages": {
    "": {
      "name": "kelompok_4_backend_uts",
      "version": "1.0.0",
      "license": "ISC",
      "dependencies": {
        "xendit-node": "^6.3.0"
      }
    },
    "node_modules/xendit-node": {
      "version": "6.3.0",
      "resolved": "https://registry.npmjs.org/xendit-node/-/xendit-node-6.3.0.tgz",
      "integrity": "sha512-1L2aoUu9kW7zG5QnwCfTfTqj5snX2biW5XmtwstgnpUQveoUZgL67dTDoFui5IryWYDVzKsMq1jASFHcd+J6CQ==",
      "engines": {
        "node": ">=18.0.0"
      }
    }
  }
}
